{
  "version": 4,
  "terraform_version": "1.3.7",
  "serial": 112,
  "lineage": "ef60df48-3c83-b858-bd01-87e7d020de72",
  "outputs": {
    "external_ip_address_vm_1": {
      "value": "84.201.158.244",
      "type": "string"
    },
    "external_ip_address_vm_2": {
      "value": "158.160.51.209",
      "type": "string"
    },
    "external_ip_address_vm_3": {
      "value": "62.84.119.82",
      "type": "string"
    },
    "internal_ip_address_vm_1": {
      "value": "192.168.10.25",
      "type": "string"
    },
    "internal_ip_address_vm_2": {
      "value": "192.168.10.10",
      "type": "string"
    },
    "internal_ip_address_vm_3": {
      "value": "192.168.10.14",
      "type": "string"
    }
  },
  "resources": [
    {
      "mode": "data",
      "type": "yandex_compute_image",
      "name": "my_image",
      "provider": "provider[\"registry.terraform.io/yandex-cloud/yandex\"]",
      "instances": [
        {
          "schema_version": 0,
          "attributes": {
            "created_at": "2023-05-15T10:51:23Z",
            "description": "ubuntu 22.04 lts",
            "family": "ubuntu-2204-lts",
            "folder_id": "standard-images",
            "id": "fd8oj81nr2fsj5bn9dq4",
            "image_id": "fd8oj81nr2fsj5bn9dq4",
            "labels": {},
            "min_disk_size": 8,
            "name": "ubuntu-22-04-lts-v20230515",
            "os_type": "linux",
            "pooled": true,
            "product_ids": [
              "f2ergggc7u5c9r8cl2ul"
            ],
            "size": 7,
            "status": "ready"
          },
          "sensitive_attributes": []
        }
      ]
    },
    {
      "mode": "managed",
      "type": "yandex_compute_instance",
      "name": "app",
      "provider": "provider[\"registry.terraform.io/yandex-cloud/yandex\"]",
      "instances": [
        {
          "schema_version": 1,
          "attributes": {
            "allow_recreate": null,
            "allow_stopping_for_update": null,
            "boot_disk": [
              {
                "auto_delete": true,
                "device_name": "fhmv4u056c61ubna8q2j",
                "disk_id": "fhmv4u056c61ubna8q2j",
                "initialize_params": [
                  {
                    "block_size": 4096,
                    "description": "",
                    "image_id": "fd8oj81nr2fsj5bn9dq4",
                    "name": "",
                    "size": 8,
                    "snapshot_id": "",
                    "type": "network-hdd"
                  }
                ],
                "mode": "READ_WRITE"
              }
            ],
            "created_at": "2023-05-18T05:48:13Z",
            "description": "",
            "filesystem": [],
            "folder_id": "b1g1nfr4nm9qchv8meav",
            "fqdn": "fhm7hc4gldko3ert61f0.auto.internal",
            "gpu_cluster_id": "",
            "hostname": "",
            "id": "fhm7hc4gldko3ert61f0",
            "labels": null,
            "local_disk": [],
            "metadata": {
              "ssh-keys": "ubuntu:ssh-rsa AAAAB3NzaC1yc2EAAAADAQABAAABAQDYlQMlwxUzok1Qz0hlOvNTSk2DM/tWy/oVhFcD1ETh5GbSCAFTn/dIPyvVBwW4S3IJNGW/oTy/4w8H6P84hD88a7briC3hFsRnLE7nZLDC1LfkmujmpBGJFpeeVBVAfz/yIh4+WVQo6XH9azOL0J0y/+UWt2lv9HDp0pYXsGs654ePz+vZ9IdjTgLCoeG8DqmjF0a4lNleYGAESxzdzoTc3DC8ZpEMxpvlOlle7Rh8VP5hDhvZ5ZWMpXpXPUqwLC7bJZv34+fMSAQR4Nnkz/a2963aHdlXnCNkP0OaZ6XgwjQhGQjiMOLTW+EmHfUig8JPSSnzEsYuL91r0A8CPfUL test@test-VirtualBox\n"
            },
            "metadata_options": [
              {
                "aws_v1_http_endpoint": 1,
                "aws_v1_http_token": 2,
                "gce_http_endpoint": 1,
                "gce_http_token": 1
              }
            ],
            "name": "app",
            "network_acceleration_type": "standard",
            "network_interface": [
              {
                "dns_record": [],
                "index": 0,
                "ip_address": "192.168.10.10",
                "ipv4": true,
                "ipv6": false,
                "ipv6_address": "",
                "ipv6_dns_record": [],
                "mac_address": "d0:0d:78:b0:90:ab",
                "nat": true,
                "nat_dns_record": [],
                "nat_ip_address": "158.160.51.209",
                "nat_ip_version": "IPV4",
                "security_group_ids": [],
                "subnet_id": "e9bp96uo4tcmkkfiimfh"
              }
            ],
            "placement_policy": [
              {
                "host_affinity_rules": [],
                "placement_group_id": ""
              }
            ],
            "platform_id": "standard-v1",
            "resources": [
              {
                "core_fraction": 20,
                "cores": 2,
                "gpus": 0,
                "memory": 3
              }
            ],
            "scheduling_policy": [
              {
                "preemptible": false
              }
            ],
            "secondary_disk": [],
            "service_account_id": "",
            "status": "running",
            "timeouts": null,
            "zone": "ru-central1-a"
          },
          "sensitive_attributes": [],
          "private": "eyJlMmJmYjczMC1lY2FhLTExZTYtOGY4OC0zNDM2M2JjN2M0YzAiOnsiY3JlYXRlIjozMDAwMDAwMDAwMDAsImRlbGV0ZSI6MzAwMDAwMDAwMDAwLCJ1cGRhdGUiOjMwMDAwMDAwMDAwMH0sInNjaGVtYV92ZXJzaW9uIjoiMSJ9",
          "dependencies": [
            "data.yandex_compute_image.my_image",
            "yandex_vpc_subnet.subnet-1"
          ]
        }
      ]
    },
    {
      "mode": "managed",
      "type": "yandex_compute_instance",
      "name": "master",
      "provider": "provider[\"registry.terraform.io/yandex-cloud/yandex\"]",
      "instances": [
        {
          "schema_version": 1,
          "attributes": {
            "allow_recreate": null,
            "allow_stopping_for_update": null,
            "boot_disk": [
              {
                "auto_delete": true,
                "device_name": "fhml18gak3bk0dhq0ufj",
                "disk_id": "fhml18gak3bk0dhq0ufj",
                "initialize_params": [
                  {
                    "block_size": 4096,
                    "description": "",
                    "image_id": "fd8oj81nr2fsj5bn9dq4",
                    "name": "",
                    "size": 45,
                    "snapshot_id": "",
                    "type": "network-hdd"
                  }
                ],
                "mode": "READ_WRITE"
              }
            ],
            "created_at": "2023-05-18T05:42:20Z",
            "description": "",
            "filesystem": [],
            "folder_id": "b1g1nfr4nm9qchv8meav",
            "fqdn": "fhmetjst1j4b84rfnktc.auto.internal",
            "gpu_cluster_id": "",
            "hostname": "",
            "id": "fhmetjst1j4b84rfnktc",
            "labels": {},
            "local_disk": [],
            "metadata": {
              "ssh-keys": "ubuntu:ssh-rsa AAAAB3NzaC1yc2EAAAADAQABAAABAQDYlQMlwxUzok1Qz0hlOvNTSk2DM/tWy/oVhFcD1ETh5GbSCAFTn/dIPyvVBwW4S3IJNGW/oTy/4w8H6P84hD88a7briC3hFsRnLE7nZLDC1LfkmujmpBGJFpeeVBVAfz/yIh4+WVQo6XH9azOL0J0y/+UWt2lv9HDp0pYXsGs654ePz+vZ9IdjTgLCoeG8DqmjF0a4lNleYGAESxzdzoTc3DC8ZpEMxpvlOlle7Rh8VP5hDhvZ5ZWMpXpXPUqwLC7bJZv34+fMSAQR4Nnkz/a2963aHdlXnCNkP0OaZ6XgwjQhGQjiMOLTW+EmHfUig8JPSSnzEsYuL91r0A8CPfUL test@test-VirtualBox\n"
            },
            "metadata_options": [
              {
                "aws_v1_http_endpoint": 1,
                "aws_v1_http_token": 2,
                "gce_http_endpoint": 1,
                "gce_http_token": 1
              }
            ],
            "name": "master",
            "network_acceleration_type": "standard",
            "network_interface": [
              {
                "dns_record": [],
                "index": 0,
                "ip_address": "192.168.10.25",
                "ipv4": true,
                "ipv6": false,
                "ipv6_address": "",
                "ipv6_dns_record": [],
                "mac_address": "d0:0d:ee:cf:9d:0c",
                "nat": true,
                "nat_dns_record": [],
                "nat_ip_address": "84.201.158.244",
                "nat_ip_version": "IPV4",
                "security_group_ids": [],
                "subnet_id": "e9bp96uo4tcmkkfiimfh"
              }
            ],
            "placement_policy": [
              {
                "host_affinity_rules": [],
                "placement_group_id": ""
              }
            ],
            "platform_id": "standard-v1",
            "resources": [
              {
                "core_fraction": 20,
                "cores": 2,
                "gpus": 0,
                "memory": 3
              }
            ],
            "scheduling_policy": [
              {
                "preemptible": false
              }
            ],
            "secondary_disk": [],
            "service_account_id": "",
            "status": "running",
            "timeouts": null,
            "zone": "ru-central1-a"
          },
          "sensitive_attributes": [],
          "private": "eyJlMmJmYjczMC1lY2FhLTExZTYtOGY4OC0zNDM2M2JjN2M0YzAiOnsiY3JlYXRlIjozMDAwMDAwMDAwMDAsImRlbGV0ZSI6MzAwMDAwMDAwMDAwLCJ1cGRhdGUiOjMwMDAwMDAwMDAwMH0sInNjaGVtYV92ZXJzaW9uIjoiMSJ9",
          "dependencies": [
            "data.yandex_compute_image.my_image",
            "yandex_vpc_network.network-1",
            "yandex_vpc_subnet.subnet-1"
          ]
        }
      ]
    },
    {
      "mode": "managed",
      "type": "yandex_compute_instance",
      "name": "srv",
      "provider": "provider[\"registry.terraform.io/yandex-cloud/yandex\"]",
      "instances": [
        {
          "schema_version": 1,
          "attributes": {
            "allow_recreate": null,
            "allow_stopping_for_update": null,
            "boot_disk": [
              {
                "auto_delete": true,
                "device_name": "fhmdg3esfpihbmclstij",
                "disk_id": "fhmdg3esfpihbmclstij",
                "initialize_params": [
                  {
                    "block_size": 4096,
                    "description": "",
                    "image_id": "fd8oj81nr2fsj5bn9dq4",
                    "name": "",
                    "size": 45,
                    "snapshot_id": "",
                    "type": "network-hdd"
                  }
                ],
                "mode": "READ_WRITE"
              }
            ],
            "created_at": "2023-05-18T05:42:21Z",
            "description": "",
            "filesystem": [],
            "folder_id": "b1g1nfr4nm9qchv8meav",
            "fqdn": "fhmg153qiemq3vvn1mmd.auto.internal",
            "gpu_cluster_id": "",
            "hostname": "",
            "id": "fhmg153qiemq3vvn1mmd",
            "labels": {},
            "local_disk": [],
            "metadata": {
              "ssh-keys": "ubuntu:ssh-rsa AAAAB3NzaC1yc2EAAAADAQABAAABAQDYlQMlwxUzok1Qz0hlOvNTSk2DM/tWy/oVhFcD1ETh5GbSCAFTn/dIPyvVBwW4S3IJNGW/oTy/4w8H6P84hD88a7briC3hFsRnLE7nZLDC1LfkmujmpBGJFpeeVBVAfz/yIh4+WVQo6XH9azOL0J0y/+UWt2lv9HDp0pYXsGs654ePz+vZ9IdjTgLCoeG8DqmjF0a4lNleYGAESxzdzoTc3DC8ZpEMxpvlOlle7Rh8VP5hDhvZ5ZWMpXpXPUqwLC7bJZv34+fMSAQR4Nnkz/a2963aHdlXnCNkP0OaZ6XgwjQhGQjiMOLTW+EmHfUig8JPSSnzEsYuL91r0A8CPfUL test@test-VirtualBox\n"
            },
            "metadata_options": [
              {
                "aws_v1_http_endpoint": 1,
                "aws_v1_http_token": 2,
                "gce_http_endpoint": 1,
                "gce_http_token": 1
              }
            ],
            "name": "srv",
            "network_acceleration_type": "standard",
            "network_interface": [
              {
                "dns_record": [],
                "index": 0,
                "ip_address": "192.168.10.14",
                "ipv4": true,
                "ipv6": false,
                "ipv6_address": "",
                "ipv6_dns_record": [],
                "mac_address": "d0:0d:10:09:47:a9",
                "nat": true,
                "nat_dns_record": [],
                "nat_ip_address": "62.84.119.82",
                "nat_ip_version": "IPV4",
                "security_group_ids": [],
                "subnet_id": "e9bp96uo4tcmkkfiimfh"
              }
            ],
            "placement_policy": [
              {
                "host_affinity_rules": [],
                "placement_group_id": ""
              }
            ],
            "platform_id": "standard-v1",
            "resources": [
              {
                "core_fraction": 20,
                "cores": 2,
                "gpus": 0,
                "memory": 3
              }
            ],
            "scheduling_policy": [
              {
                "preemptible": false
              }
            ],
            "secondary_disk": [],
            "service_account_id": "",
            "status": "running",
            "timeouts": null,
            "zone": "ru-central1-a"
          },
          "sensitive_attributes": [],
          "private": "eyJlMmJmYjczMC1lY2FhLTExZTYtOGY4OC0zNDM2M2JjN2M0YzAiOnsiY3JlYXRlIjozMDAwMDAwMDAwMDAsImRlbGV0ZSI6MzAwMDAwMDAwMDAwLCJ1cGRhdGUiOjMwMDAwMDAwMDAwMH0sInNjaGVtYV92ZXJzaW9uIjoiMSJ9",
          "dependencies": [
            "data.yandex_compute_image.my_image",
            "yandex_vpc_network.network-1",
            "yandex_vpc_subnet.subnet-1"
          ]
        }
      ]
    },
    {
      "mode": "managed",
      "type": "yandex_vpc_network",
      "name": "network-1",
      "provider": "provider[\"registry.terraform.io/yandex-cloud/yandex\"]",
      "instances": [
        {
          "schema_version": 0,
          "attributes": {
            "created_at": "2023-05-10T06:12:57Z",
            "default_security_group_id": "",
            "description": "",
            "folder_id": "b1g1nfr4nm9qchv8meav",
            "id": "enp5g6kvruk621ee7m43",
            "labels": {},
            "name": "network1",
            "subnet_ids": [
              "e9bp96uo4tcmkkfiimfh"
            ],
            "timeouts": null
          },
          "sensitive_attributes": [],
          "private": "eyJlMmJmYjczMC1lY2FhLTExZTYtOGY4OC0zNDM2M2JjN2M0YzAiOnsiY3JlYXRlIjo2MDAwMDAwMDAwMCwiZGVsZXRlIjo2MDAwMDAwMDAwMCwidXBkYXRlIjo2MDAwMDAwMDAwMH19"
        }
      ]
    },
    {
      "mode": "managed",
      "type": "yandex_vpc_subnet",
      "name": "subnet-1",
      "provider": "provider[\"registry.terraform.io/yandex-cloud/yandex\"]",
      "instances": [
        {
          "schema_version": 0,
          "attributes": {
            "created_at": "2023-05-10T06:12:58Z",
            "description": "",
            "dhcp_options": [],
            "folder_id": "b1g1nfr4nm9qchv8meav",
            "id": "e9bp96uo4tcmkkfiimfh",
            "labels": {},
            "name": "subnet1",
            "network_id": "enp5g6kvruk621ee7m43",
            "route_table_id": "",
            "timeouts": null,
            "v4_cidr_blocks": [
              "192.168.10.0/24"
            ],
            "v6_cidr_blocks": [],
            "zone": "ru-central1-a"
          },
          "sensitive_attributes": [],
          "private": "eyJlMmJmYjczMC1lY2FhLTExZTYtOGY4OC0zNDM2M2JjN2M0YzAiOnsiY3JlYXRlIjoxODAwMDAwMDAwMDAsImRlbGV0ZSI6MTgwMDAwMDAwMDAwLCJ1cGRhdGUiOjE4MDAwMDAwMDAwMH19",
          "dependencies": [
            "yandex_vpc_network.network-1"
          ]
        }
      ]
    }
  ],
  "check_results": null
}
